
Microsoft Visual Studio Solution File, Format Version 12.00
# Visual Studio Version 17
VisualStudioVersion = 17.3.32929.385
MinimumVisualStudioVersion = 10.0.40219.1
Project("{FAE04EC0-301F-11D3-BF4B-00C04F79EFBC}") = "Taskkk", "Taskkk\Taskkk.csproj", "{B6931D9D-FF58-484D-A431-6FF16ACCC885}"
EndProject
Global
	GlobalSection(SolutionConfigurationPlatforms) = preSolution
		Debug|Any CPU = Debug|Any CPU
		Release|Any CPU = Release|Any CPU
	EndGlobalSection
	GlobalSection(ProjectConfigurationPlatforms) = postSolution
		{B6931D9D-FF58-484D-A431-6FF16ACCC885}.Debug|Any CPU.ActiveCfg = Debug|Any CPU
		{B6931D9D-FF58-484D-A431-6FF16ACCC885}.Debug|Any CPU.Build.0 = Debug|Any CPU
		{B6931D9D-FF58-484D-A431-6FF16ACCC885}.Release|Any CPU.ActiveCfg = Release|Any CPU
		{B6931D9D-FF58-484D-A431-6FF16ACCC885}.Release|Any CPU.Build.0 = Release|Any CPU
	EndGlobalSection
	GlobalSection(SolutionProperties) = preSolution
		HideSolutionNode = FALSE
	EndGlobalSection
	GlobalSection(ExtensibilityGlobals) = postSolution
		SolutionGuid = {66C69033-EFAA-400F-9A22-3B356260972E}
	EndGlobalSection
EndGlobal
